// !$*UTF8*$!
{
	archiveVersion = 1;
	classes = {
	};
	objectVersion = 46;
	objects = {

/* Begin PBXBuildFile section */
		92C446971D7D886200E91B88 /* main.cpp in Sources */ = {isa = PBXBuildFile; fileRef = 92C446961D7D886200E91B88 /* main.cpp */; };
		92C4469F1D7D886F00E91B88 /* OpenGL.framework in Frameworks */ = {isa = PBXBuildFile; fileRef = 92C4469E1D7D886F00E91B88 /* OpenGL.framework */; };
		92C446A11D7D887B00E91B88 /* libGLEW.2.0.0.dylib in Frameworks */ = {isa = PBXBuildFile; fileRef = 92C446A01D7D887B00E91B88 /* libGLEW.2.0.0.dylib */; };
		92C446A31D7D888F00E91B88 /* libglfw3.3.2.dylib in Frameworks */ = {isa = PBXBuildFile; fileRef = 92C446A21D7D888F00E91B88 /* libglfw3.3.2.dylib */; };
/* End PBXBuildFile section */

/* Begin PBXCopyFilesBuildPhase section */
		92C446911D7D886200E91B88 /* CopyFiles */ = {
			isa = PBXCopyFilesBuildPhase;
			buildActionMask = 2147483647;
			dstPath = /usr/share/man/man1/;
			dstSubfolderSpec = 0;
			files = (
			);
			runOnlyForDeploymentPostprocessing = 1;
		};
/* End PBXCopyFilesBuildPhase section */

/* Begin PBXFileReference section */
		92C446931D7D886200E91B88 /* OpenGL-Triangle-Gradient */ = {isa = PBXFileReference; explicitFileType = "compiled.mach-o.executable"; includeInIndex = 0; path = "OpenGL-Triangle-Gradient"; sourceTree = BUILT_PRODUCTS_DIR; };
		92C446961D7D886200E91B88 /* main.cpp */ = {isa = PBXFileReference; lastKnownFileType = sourcecode.cpp.cpp; path = main.cpp; sourceTree = "<group>"; };
		92C4469E1D7D886F00E91B88 /* OpenGL.framework */ = {isa = PBXFileReference; lastKnownFileType = wrapper.framework; name = OpenGL.framework; path = System/Library/Frameworks/OpenGL.framework; sourceTree = SDKROOT; };
		92C446A01D7D887B00E91B88 /* libGLEW.2.0.0.dylib */ = {isa = PBXFileReference; lastKnownFileType = "compiled.mach-o.dylib"; name = libGLEW.2.0.0.dylib; path = ../../../../usr/local/Cellar/glew/2.0.0/lib/libGLEW.2.0.0.dylib; sourceTree = "<group>"; };
		92C446A21D7D888F00E91B88 /* libglfw3.3.2.dylib */ = {isa = PBXFileReference; lastKnownFileType = "compiled.mach-o.dylib"; name = libglfw3.3.2.dylib; path = ../../../../usr/local/Cellar/glfw3/3.2.1/lib/libglfw3.3.2.dylib; sourceTree = "<group>"; };
/* End PBXFileReference section */

/* Begin PBXFrameworksBuildPhase section */
		92C446901D7D886200E91B88 /* Frameworks */ = {
			isa = PBXFrameworksBuildPhase;
			buildActionMask = 2147483647;
			files = (
				92C446A31D7D888F00E91B88 /* libglfw3.3.2.dylib in Frameworks */,
				92C446A11D7D887B00E91B88 /* libGLEW.2.0.0.dylib in Frameworks */,
				92C4469F1D7D886F00E91B88 /* OpenGL.framework in Frameworks */,
			);
			runOnlyForDeploymentPostprocessing = 0;
		};
/* End PBXFrameworksBuildPhase section */

/* Begin PBXGroup section */
		92C4468A1D7D886200E91B88 = {
			isa = PBXGroup;
			children = (
				92C446951D7D886200E91B88 /* OpenGL-Triangle-Gradient */,
				92C446941D7D886200E91B88 /* Products */,
				92C4469D1D7D886F00E91B88 /* Frameworks */,
			);
			sourceTree = "<group>";
		};
		92C446941D7D886200E91B88 /* Products */ = {
			isa = PBXGroup;
			children = (
				92C446931D7D886200E91B88 /* OpenGL-Triangle-Gradient */,
			);
			name = Products;
			sourceTree = "<group>";
		};
		92C446951D7D886200E91B88 /* OpenGL-Triangle-Gradient */ = {
			isa = PBXGroup;
			children = (
				92C446961D7D886200E91B88 /* main.cpp */,
			);
			path = "OpenGL-Triangle-Gradient";
			sourceTree = "<group>";
		};
		92C4469D1D7D886F00E91B88 /* Frameworks */ = {
			isa = PBXGroup;
			children = (
				92C446A21D7D888F00E91B88 /* libglfw3.3.2.dylib */,
				92C446A01D7D887B00E91B88 /* libGLEW.2.0.0.dylib */,
				92C4469E1D7D886F00E91B88 /* OpenGL.framework */,
			);
			name = Frameworks;
			sourceTree = "<group>";
		};
/* End PBXGroup section */

/* Begin PBXNativeTarget section */
		92C446921D7D886200E91B88 /* OpenGL-Triangle-Gradient */ = {
			isa = PBXNativeTarget;
			buildConfigurationList = 92C4469A1D7D886200E91B88 /* Build configuration list for PBXNativeTarget "OpenGL-Triangle-Gradient" */;
			buildPhases = (
				92C4468F1D7D886200E91B88 /* Sources */,
				92C446901D7D886200E91B88 /* Frameworks */,
				92C446911D7D886200E91B88 /* CopyFiles */,
			);
			buildRules = (
			);
			dependencies = (
			);
			name = "OpenGL-Triangle-Gradient";
			productName = "OpenGL-Triangle-Gradient";
			productReference = 92C446931D7D886200E91B88 /* OpenGL-Triangle-Gradient */;
			productType = "com.apple.product-type.tool";
		};
/* End PBXNativeTarget section */

/* Begin PBXProject section */
		92C4468B1D7D886200E91B88 /* Project object */ = {
			isa = PBXProject;
			attributes = {
				LastUpgradeCheck = 0800;
				ORGANIZATIONNAME = "Aryan Kashyap";
				TargetAttributes = {
					92C446921D7D886200E91B88 = {
						CreatedOnToolsVersion = 8.0;
						DevelopmentTeam = AFNEC75D99;
						ProvisioningStyle = Automatic;
					};
				};
			};
			buildConfigurationList = 92C4468E1D7D886200E91B88 /* Build configuration list for PBXProject "OpenGL-Triangle-Gradient" */;
			compatibilityVersion = "Xcode 3.2";
			developmentRegion = English;
			hasScannedForEncodings = 0;
			knownRegions = (
				en,
			);
			mainGroup = 92C4468A1D7D886200E91B88;
			productRefGroup = 92C446941D7D886200E91B88 /* Products */;
			projectDirPath = "";
			projectRoot = "";
			targets = (
				92C446921D7D886200E91B88 /* OpenGL-Triangle-Gradient */,
			);
		};
/* End PBXProject section */

/* Begin PBXSourcesBuildPhase section */
		92C4468F1D7D886200E91B88 /* Sources */ = {
			isa = PBXSourcesBuildPhase;
			buildActionMask = 2147483647;
			files = (
				92C446971D7D886200E91B88 /* main.cpp in Sources */,
			);
			runOnlyForDeploymentPostprocessing = 0;
		};
/* End PBXSourcesBuildPhase section */

/* Begin XCBuildConfiguration section */
		92C446981D7D886200E91B88 /* Debug */ = {
			isa = XCBuildConfiguration;
			buildSettings = {
				ALWAYS_SEARCH_USER_PATHS = NO;
				CLANG_ANALYZER_NONNULL = YES;
				CLANG_CXX_LANGUAGE_STANDARD = "gnu++0x";
				CLANG_CXX_LIBRARY = "libc++";
				CLANG_ENABLE_MODULES = YES;
				CLANG_ENABLE_OBJC_ARC = YES;
				CLANG_WARN_BOOL_CONVERSION = YES;
				CLANG_WARN_CONSTANT_CONVERSION = YES;
				CLANG_WARN_DIRECT_OBJC_ISA_USAGE = YES_ERROR;
				CLANG_WARN_DOCUMENTATION_COMMENTS = YES;
				CLANG_WARN_EMPTY_BODY = YES;
				CLANG_WARN_ENUM_CONVERSION = YES;
				CLANG_WARN_INFINITE_RECURSION = YES;
				CLANG_WARN_INT_CONVERSION = YES;
				CLANG_WARN_OBJC_ROOT_CLASS = YES_ERROR;
				CLANG_WARN_SUSPICIOUS_MOVES = YES;
				CLANG_WARN_UNREACHABLE_CODE = YES;
				CLANG_WARN__DUPLICATE_METHOD_MATCH = YES;
				CODE_SIGN_IDENTITY = "-";
				COPY_PHASE_STRIP = NO;
				DEBUG_INFORMATION_FORMAT = dwarf;
				ENABLE_STRICT_OBJC_MSGSEND = YES;
				ENABLE_TESTABILITY = YES;
				GCC_C_LANGUAGE_STANDARD = gnu99;
				GCC_DYNAMIC_NO_PIC = NO;
				GCC_NO_COMMON_BLOCKS = YES;
				GCC_OPTIMIZATION_LEVEL = 0;
				GCC_PREPROCESSOR_DEFINITIONS = (
					"DEBUG=1",
					"$(inherited)",
				);
				GCC_WARN_64_TO_32_BIT_CONVERSION = YES;
				GCC_WARN_ABOUT_RETURN_TYPE = YES_ERROR;
				GCC_WARN_UNDECLARED_SELECTOR = YES;
				GCC_WARN_UNINITIALIZED_AUTOS = YES_AGGRESSIVE;
				GCC_WARN_UNUSED_FUNCTION = YES;
				GCC_WARN_UNUSED_VARIABLE = YES;
				MACOSX_DEPLOYMENT_TARGET = 10.11;
				MTL_ENABLE_DEBUG_INFO = YES;
				ONLY_ACTIVE_ARCH = YES;
				SDKROOT = macosx;
			};
			name = Debug;
		};
		92C446991D7D886200E91B88 /* Release */ = {
			isa = XCBuildConfiguration;
			buildSettings = {
				ALWAYS_SEARCH_USER_PATHS = NO;
				CLANG_ANALYZER_NONNULL = YES;
				CLANG_CXX_LANGUAGE_STANDARD = "gnu++0x";
				CLANG_CXX_LIBRARY = "libc++";
				CLANG_ENABLE_MODULES = YES;
				CLANG_ENABLE_OBJC_ARC = YES;
				CLANG_WARN_BOOL_CONVERSION = YES;
				CLANG_WARN_CONSTANT_CONVERSION = YES;
				CLANG_WARN_DIRECT_OBJC_ISA_USAGE = YES_ERROR;
				CLANG_WARN_DOCUMENTATION_COMMENTS = YES;
				CLANG_WARN_EMPTY_BODY = YES;
				CLANG_WARN_ENUM_CONVERSION = YES;
				CLANG_WARN_INFINITE_RECURSION = YES;
				CLANG_WARN_INT_CONVERSION = YES;
				CLANG_WARN_OBJC_ROOT_CLASS = YES_ERROR;
				CLANG_WARN_SUSPICIOUS_MOVES = YES;
				CLANG_WARN_UNREACHABLE_CODE = YES;
				CLANG_WARN__DUPLICATE_METHOD_MATCH = YES;
				CODE_SIGN_IDENTITY = "-";
				COPY_PHASE_STRIP = NO;
				DEBUG_INFORMATION_FORMAT = "dwarf-with-dsym";
				ENABLE_NS_ASSERTIONS = NO;
				ENABLE_STRICT_OBJC_MSGSEND = YES;
				GCC_C_LANGUAGE_STANDARD = gnu99;
				GCC_NO_COMMON_BLOCKS = YES;
				GCC_WARN_64_TO_32_BIT_CONVERSION = YES;
				GCC_WARN_ABOUT_RETURN_TYPE = YES_ERROR;
				GCC_WARN_UNDECLARED_SELECTOR = YES;
				GCC_WARN_UNINITIALIZED_AUTOS = YES_AGGRESSIVE;
				GCC_WARN_UNUSED_FUNCTION = YES;
				GCC_WARN_UNUSED_VARIABLE = YES;
				MACOSX_DEPLOYMENT_TARGET = 10.11;
				MTL_ENABLE_DEBUG_INFO = NO;
				SDKROOT = macosx;
			};
			name = Release;
		};
		92C4469B1D7D886200E91B88 /* Debug */ = {
			isa = XCBuildConfiguration;
			buildSettings = {
				DEVELOPMENT_TEAM = AFNEC75D99;
				HEADER_SEARCH_PATHS = /usr/local/include;
				LIBRARY_SEARCH_PATHS = (
					"$(inherited)",
					/usr/local/Cellar/glew/2.0.0/lib,
					/usr/local/Cellar/glfw3/3.2.1/lib,
				);
				PRODUCT_NAME = "$(TARGET_NAME)";
			};
			name = Debug;
		};
		92C4469C1D7D886200E91B88 /* Release */ = {
			isa = XCBuildConfiguration;
			buildSettings = {
				DEVELOPMENT_TEAM = AFNEC75D99;
				HEADER_SEARCH_PATHS = /usr/local/include;
				LIBRARY_SEARCH_PATHS = (
					"$(inherited)",
					/usr/local/Cellar/glew/2.0.0/lib,
					/usr/local/Cellar/glfw3/3.2.1/lib,
				);
				PRODUCT_NAME = "$(TARGET_NAME)";
			};
			name = Release;
		};
/* End XCBuildConfiguration section */

/* Begin XCConfigurationList section */
		92C4468E1D7D886200E91B88 /* Build configuration list for PBXProject "OpenGL-Triangle-Gradient" */ = {
			isa = XCConfigurationList;
			buildConfigurations = (
				92C446981D7D886200E91B88 /* Debug */,
				92C446991D7D886200E91B88 /* Release */,
			);
			defaultConfigurationIsVisible = 0;
			defaultConfigurationName = Release;
		};
		92C4469A1D7D886200E91B88 /* Build configuration list for PBXNativeTarget "OpenGL-Triangle-Gradient" */ = {
			isa = XCConfigurationList;
			buildConfigurations = (
				92C4469B1D7D886200E91B88 /* Debug */,
				92C4469C1D7D886200E91B88 /* Release */,
			);
			defaultConfigurationIsVisible = 0;
		};
/* End XCConfigurationList section */
	};
	rootObject = 92C4468B1D7D886200E91B88 /* Project object */;
}
